<?xml version="1.0" encoding="utf-8"?>
<Project ToolsVersion="4.0" xmlns="http://schemas.microsoft.com/developer/msbuild/2003">
  <ItemGroup>
    <Filter Include="소스 파일">
      <UniqueIdentifier>{4FC737F1-C7A5-4376-A066-2A32D752A2FF}</UniqueIdentifier>
      <Extensions>cpp;c;cc;cxx;c++;cppm;ixx;def;odl;idl;hpj;bat;asm;asmx</Extensions>
    </Filter>
    <Filter Include="헤더 파일">
      <UniqueIdentifier>{93995380-89BD-4b04-88EB-625FBE52EBFB}</UniqueIdentifier>
      <Extensions>h;hh;hpp;hxx;h++;hm;inl;inc;ipp;xsd</Extensions>
    </Filter>
    <Filter Include="리소스 파일">
      <UniqueIdentifier>{67DA6AB6-F800-4c08-8B7A-83BB121AAD01}</UniqueIdentifier>
      <Extensions>rc;ico;cur;bmp;dlg;rc2;rct;bin;rgs;gif;jpg;jpeg;jpe;resx;tiff;tif;png;wav;mfcribbon-ms</Extensions>
    </Filter>
    <Filter Include="소스 파일\과제1 환경변수 설정">
      <UniqueIdentifier>{72d8d9e5-4a03-4e25-ba48-259bfc385d3b}</UniqueIdentifier>
    </Filter>
    <Filter Include="소스 파일\과제2 C++ 제어문">
      <UniqueIdentifier>{02c12b5f-617e-4123-b73d-dc8d73c53c07}</UniqueIdentifier>
    </Filter>
    <Filter Include="소스 파일\과제3 함수와 배열">
      <UniqueIdentifier>{842d6fcd-a311-4dc4-a604-29a3b3603ce9}</UniqueIdentifier>
    </Filter>
    <Filter Include="소스 파일\과제4 클래스">
      <UniqueIdentifier>{5ca95dc7-04fd-473c-a69a-039e4bb88cb4}</UniqueIdentifier>
    </Filter>
  </ItemGroup>
  <ItemGroup>
    <ClCompile Include="HelloWorld.cpp">
      <Filter>소스 파일\과제1 환경변수 설정</Filter>
    </ClCompile>
    <ClCompile Include="1.부동소수점분리.cpp">
      <Filter>소스 파일\과제2 C++ 제어문</Filter>
    </ClCompile>
    <ClCompile Include="2.정수의가장큰자리수값.cpp">
      <Filter>소스 파일\과제2 C++ 제어문</Filter>
    </ClCompile>
    <ClCompile Include="3.등변사다리꼴.cpp">
      <Filter>소스 파일\과제2 C++ 제어문</Filter>
    </ClCompile>
    <ClCompile Include="4.구구단이쁘게.cpp">
      <Filter>소스 파일\과제2 C++ 제어문</Filter>
    </ClCompile>
    <ClCompile Include="5.완전수찾기.cpp">
      <Filter>소스 파일\과제2 C++ 제어문</Filter>
    </ClCompile>
    <ClCompile Include="1.random.cpp">
      <Filter>소스 파일\과제3 함수와 배열</Filter>
    </ClCompile>
    <ClCompile Include="2.factorial.cpp">
      <Filter>소스 파일\과제3 함수와 배열</Filter>
    </ClCompile>
    <ClCompile Include="3.recursive.cpp">
      <Filter>소스 파일\과제3 함수와 배열</Filter>
    </ClCompile>
    <ClCompile Include="4.binary.cpp">
      <Filter>소스 파일\과제3 함수와 배열</Filter>
    </ClCompile>
    <ClCompile Include="5.merge.cpp">
      <Filter>소스 파일\과제3 함수와 배열</Filter>
    </ClCompile>
    <ClCompile Include="6.matrix.cpp">
      <Filter>소스 파일\과제3 함수와 배열</Filter>
    </ClCompile>
    <ClCompile Include="test.cpp">
      <Filter>소스 파일\과제3 함수와 배열</Filter>
    </ClCompile>
    <ClCompile Include="FractionAPP.cpp">
      <Filter>소스 파일\과제4 클래스</Filter>
    </ClCompile>
    <ClCompile Include="Fraction.cpp">
      <Filter>소스 파일\과제4 클래스</Filter>
    </ClCompile>
  </ItemGroup>
  <ItemGroup>
    <ClInclude Include="Fraction.h">
      <Filter>헤더 파일</Filter>
    </ClInclude>
  </ItemGroup>
</Project>